{
  "nodes": {
    "home-manager": {
      "inputs": {
        "nixpkgs": [
          "nixpkgs"
        ]
      },
      "locked": {
        "lastModified": 1756903364,
        "narHash": "sha256-vZh/YH2D7oDFek10r0TbGn3qJrqGv69sSP+oF8PFDqQ=",
        "owner": "nix-community",
        "repo": "home-manager",
        "rev": "6159629d05a0e92bb7fb7211e74106ae1d552401",
        "type": "github"
      },
      "original": {
        "owner": "nix-community",
        "repo": "home-manager",
        "type": "github"
      }
    },
    "nixpkgs": {
      "locked": {
        "lastModified": 1756892917,
        "narHash": "sha256-hVsGRW6M3Rd2xSlKowNREyVHXCUbxHoktu1ujgxT4x8=",
        "owner": "NixOS",
        "repo": "nixpkgs",
        "rev": "3f29c71a26f20c830b3708d02bfa62fb1890354a",
        "type": "github"
      },
      "original": {
        "owner": "NixOS",
        "ref": "nixos-unstable-small",
        "repo": "nixpkgs",
        "type": "github"
      }
    },
    "root": {
      "inputs": {
        "home-manager": "home-manager",
        "nixpkgs": "nixpkgs"
      }
    }
  },
  "root": "root",
  "version": 7
}
